// !$*UTF8*$!
{
	archiveVersion = 1;
	classes = {
	};
	objectVersion = 48;
	objects = {

/* Begin PBXBuildFile section */
		BDED61251F7C4CCA00157B57 /* AppDelegate.swift in Sources */ = {isa = PBXBuildFile; fileRef = BDED61241F7C4CCA00157B57 /* AppDelegate.swift */; };
		BDED61271F7C4CCA00157B57 /* ViewController.swift in Sources */ = {isa = PBXBuildFile; fileRef = BDED61261F7C4CCA00157B57 /* ViewController.swift */; };
		BDED612A1F7C4CCA00157B57 /* Main.storyboard in Resources */ = {isa = PBXBuildFile; fileRef = BDED61281F7C4CCA00157B57 /* Main.storyboard */; };
		BDED612C1F7C4CCA00157B57 /* Assets.xcassets in Resources */ = {isa = PBXBuildFile; fileRef = BDED612B1F7C4CCA00157B57 /* Assets.xcassets */; };
		BDED612F1F7C4CCA00157B57 /* LaunchScreen.storyboard in Resources */ = {isa = PBXBuildFile; fileRef = BDED612D1F7C4CCA00157B57 /* LaunchScreen.storyboard */; };
		BDED623B1F7C503B00157B57 /* SwiftSoup.framework in Frameworks */ = {isa = PBXBuildFile; fileRef = BDED623A1F7C503B00157B57 /* SwiftSoup.framework */; };
/* End PBXBuildFile section */

/* Begin PBXFileReference section */
		BDED61211F7C4CCA00157B57 /* Carthage_Example.app */ = {isa = PBXFileReference; explicitFileType = wrapper.application; includeInIndex = 0; path = Carthage_Example.app; sourceTree = BUILT_PRODUCTS_DIR; };
		BDED61241F7C4CCA00157B57 /* AppDelegate.swift */ = {isa = PBXFileReference; lastKnownFileType = sourcecode.swift; path = AppDelegate.swift; sourceTree = "<group>"; };
		BDED61261F7C4CCA00157B57 /* ViewController.swift */ = {isa = PBXFileReference; lastKnownFileType = sourcecode.swift; path = ViewController.swift; sourceTree = "<group>"; };
		BDED61291F7C4CCA00157B57 /* Base */ = {isa = PBXFileReference; lastKnownFileType = file.storyboard; name = Base; path = Base.lproj/Main.storyboard; sourceTree = "<group>"; };
		BDED612B1F7C4CCA00157B57 /* Assets.xcassets */ = {isa = PBXFileReference; lastKnownFileType = folder.assetcatalog; path = Assets.xcassets; sourceTree = "<group>"; };
		BDED612E1F7C4CCA00157B57 /* Base */ = {isa = PBXFileReference; lastKnownFileType = file.storyboard; name = Base; path = Base.lproj/LaunchScreen.storyboard; sourceTree = "<group>"; };
		BDED61301F7C4CCA00157B57 /* Info.plist */ = {isa = PBXFileReference; lastKnownFileType = text.plist.xml; path = Info.plist; sourceTree = "<group>"; };
		BDED623A1F7C503B00157B57 /* SwiftSoup.framework */ = {isa = PBXFileReference; lastKnownFileType = wrapper.framework; name = SwiftSoup.framework; path = Carthage/Build/iOS/SwiftSoup.framework; sourceTree = "<group>"; };
/* End PBXFileReference section */

/* Begin PBXFrameworksBuildPhase section */
		BDED611E1F7C4CCA00157B57 /* Frameworks */ = {
			isa = PBXFrameworksBuildPhase;
			buildActionMask = 2147483647;
			files = (
				BDED623B1F7C503B00157B57 /* SwiftSoup.framework in Frameworks */,
			);
			runOnlyForDeploymentPostprocessing = 0;
		};
/* End PBXFrameworksBuildPhase section */

/* Begin PBXGroup section */
		BDED61181F7C4CCA00157B57 = {
			isa = PBXGroup;
			children = (
				BDED61231F7C4CCA00157B57 /* Carthage_Example */,
				BDED61221F7C4CCA00157B57 /* Products */,
				BDED62391F7C503B00157B57 /* Frameworks */,
			);
			sourceTree = "<group>";
		};
		BDED61221F7C4CCA00157B57 /* Products */ = {
			isa = PBXGroup;
			children = (
				BDED61211F7C4CCA00157B57 /* Carthage_Example.app */,
			);
			name = Products;
			sourceTree = "<group>";
		};
		BDED61231F7C4CCA00157B57 /* Carthage_Example */ = {
			isa = PBXGroup;
			children = (
				BDED61241F7C4CCA00157B57 /* AppDelegate.swift */,
				BDED61261F7C4CCA00157B57 /* ViewController.swift */,
				BDED61281F7C4CCA00157B57 /* Main.storyboard */,
				BDED612B1F7C4CCA00157B57 /* Assets.xcassets */,
				BDED612D1F7C4CCA00157B57 /* LaunchScreen.storyboard */,
				BDED61301F7C4CCA00157B57 /* Info.plist */,
			);
			path = Carthage_Example;
			sourceTree = "<group>";
		};
		BDED62391F7C503B00157B57 /* Frameworks */ = {
			isa = PBXGroup;
			children = (
				BDED623A1F7C503B00157B57 /* SwiftSoup.framework */,
			);
			name = Frameworks;
			sourceTree = "<group>";
		};
/* End PBXGroup section */

/* Begin PBXNativeTarget section */
		BDED61201F7C4CCA00157B57 /* Carthage_Example */ = {
			isa = PBXNativeTarget;
			buildConfigurationList = BDED61331F7C4CCA00157B57 /* Build configuration list for PBXNativeTarget "Carthage_Example" */;
			buildPhases = (
				BDED611D1F7C4CCA00157B57 /* Sources */,
				BDED611E1F7C4CCA00157B57 /* Frameworks */,
				BDED611F1F7C4CCA00157B57 /* Resources */,
			);
			buildRules = (
			);
			dependencies = (
			);
			name = Carthage_Example;
			productName = Carthage_Example;
			productReference = BDED61211F7C4CCA00157B57 /* Carthage_Example.app */;
			productType = "com.apple.product-type.application";
		};
/* End PBXNativeTarget section */

/* Begin PBXProject section */
		BDED61191F7C4CCA00157B57 /* Project object */ = {
			isa = PBXProject;
			attributes = {
				LastSwiftUpdateCheck = 0900;
				LastUpgradeCheck = 0900;
				ORGANIZATIONNAME = Nabil;
				TargetAttributes = {
					BDED61201F7C4CCA00157B57 = {
						CreatedOnToolsVersion = 9.0;
						ProvisioningStyle = Automatic;
					};
				};
			};
			buildConfigurationList = BDED611C1F7C4CCA00157B57 /* Build configuration list for PBXProject "Carthage_Example" */;
			compatibilityVersion = "Xcode 8.0";
			developmentRegion = en;
			hasScannedForEncodings = 0;
			knownRegions = (
				en,
				Base,
			);
			mainGroup = BDED61181F7C4CCA00157B57;
			productRefGroup = BDED61221F7C4CCA00157B57 /* Products */;
			projectDirPath = "";
			projectRoot = "";
			targets = (
				BDED61201F7C4CCA00157B57 /* Carthage_Example */,
			);
		};
/* End PBXProject section */

/* Begin PBXResourcesBuildPhase section */
		BDED611F1F7C4CCA00157B57 /* Resources */ = {
			isa = PBXResourcesBuildPhase;
			buildActionMask = 2147483647;
			files = (
				BDED612F1F7C4CCA00157B57 /* LaunchScreen.storyboard in Resources */,
				BDED612C1F7C4CCA00157B57 /* Assets.xcassets in Resources */,
				BDED612A1F7C4CCA00157B57 /* Main.storyboard in Resources */,
			);
			runOnlyForDeploymentPostprocessing = 0;
		};
/* End PBXResourcesBuildPhase section */

/* Begin PBXSourcesBuildPhase section */
		BDED611D1F7C4CCA00157B57 /* Sources */ = {
			isa = PBXSourcesBuildPhase;
			buildActionMask = 2147483647;
			files = (
				BDED61271F7C4CCA00157B57 /* ViewController.swift in Sources */,
				BDED61251F7C4CCA00157B57 /* AppDelegate.swift in Sources */,
			);
			runOnlyForDeploymentPostprocessing = 0;
		};
/* End PBXSourcesBuildPhase section */

/* Begin PBXVariantGroup section */
		BDED61281F7C4CCA00157B57 /* Main.storyboard */ = {
			isa = PBXVariantGroup;
			children = (
				BDED61291F7C4CCA00157B57 /* Base */,
			);
			name = Main.storyboard;
			sourceTree = "<group>";
		};
		BDED612D1F7C4CCA00157B57 /* LaunchScreen.storyboard */ = {
			isa = PBXVariantGroup;
			children = (
				BDED612E1F7C4CCA00157B57 /* Base */,
			);
			name = LaunchScreen.storyboard;
			sourceTree = "<group>";
		};
/* End PBXVariantGroup section */

/* Begin XCBuildConfiguration section */
		BDED61311F7C4CCA00157B57 /* Debug */ = {
			isa = XCBuildConfiguration;
			buildSettings = {
				ALWAYS_SEARCH_USER_PATHS = NO;
				CLANG_ANALYZER_NONNULL = YES;
				CLANG_ANALYZER_NUMBER_OBJECT_CONVERSION = YES_AGGRESSIVE;
				CLANG_CXX_LANGUAGE_STANDARD = "gnu++14";
				CLANG_CXX_LIBRARY = "libc++";
				CLANG_ENABLE_MODULES = YES;
				CLANG_ENABLE_OBJC_ARC = YES;
				CLANG_WARN_BLOCK_CAPTURE_AUTORELEASING = YES;
				CLANG_WARN_BOOL_CONVERSION = YES;
				CLANG_WARN_COMMA = YES;
				CLANG_WARN_CONSTANT_CONVERSION = YES;
				CLANG_WARN_DIRECT_OBJC_ISA_USAGE = YES_ERROR;
				CLANG_WARN_DOCUMENTATION_COMMENTS = YES;
				CLANG_WARN_EMPTY_BODY = YES;
				CLANG_WARN_ENUM_CONVERSION = YES;
				CLANG_WARN_INFINITE_RECURSION = YES;
				CLANG_WARN_INT_CONVERSION = YES;
				CLANG_WARN_NON_LITERAL_NULL_CONVERSION = YES;
				CLANG_WARN_OBJC_LITERAL_CONVERSION = YES;
				CLANG_WARN_OBJC_ROOT_CLASS = YES_ERROR;
				CLANG_WARN_RANGE_LOOP_ANALYSIS = YES;
				CLANG_WARN_STRICT_PROTOTYPES = YES;
				CLANG_WARN_SUSPICIOUS_MOVE = YES;
				CLANG_WARN_UNGUARDED_AVAILABILITY = YES_AGGRESSIVE;
				CLANG_WARN_UNREACHABLE_CODE = YES;
				CLANG_WARN__DUPLICATE_METHOD_MATCH = YES;
				CODE_SIGN_IDENTITY = "iPhone Developer";
				COPY_PHASE_STRIP = NO;
				DEBUG_INFORMATION_FORMAT = dwarf;
				ENABLE_STRICT_OBJC_MSGSEND = YES;
				ENABLE_TESTABILITY = YES;
				GCC_C_LANGUAGE_STANDARD = gnu11;
				GCC_DYNAMIC_NO_PIC = NO;
				GCC_NO_COMMON_BLOCKS = YES;
				GCC_OPTIMIZATION_LEVEL = 0;
				GCC_PREPROCESSOR_DEFINITIONS = (
					"DEBUG=1",
					"$(inherited)",
				);
				GCC_WARN_64_TO_32_BIT_CONVERSION = YES;
				GCC_WARN_ABOUT_RETURN_TYPE = YES_ERROR;
				GCC_WARN_UNDECLARED_SELECTOR = YES;
				GCC_WARN_UNINITIALIZED_AUTOS = YES_AGGRESSIVE;
				GCC_WARN_UNUSED_FUNCTION = YES;
				GCC_WARN_UNUSED_VARIABLE = YES;
				IPHONEOS_DEPLOYMENT_TARGET = 11.0;
				MTL_ENABLE_DEBUG_INFO = YES;
				ONLY_ACTIVE_ARCH = YES;
				SDKROOT = iphoneos;
				SWIFT_ACTIVE_COMPILATION_CONDITIONS = DEBUG;
				SWIFT_OPTIMIZATION_LEVEL = "-Onone";
			};
			name = Debug;
		};
		BDED61321F7C4CCA00157B57 /* Release */ = {
			isa = XCBuildConfiguration;
			buildSettings = {
				ALWAYS_SEARCH_USER_PATHS = NO;
				CLANG_ANALYZER_NONNULL = YES;
				CLANG_ANALYZER_NUMBER_OBJECT_CONVERSION = YES_AGGRESSIVE;
				CLANG_CXX_LANGUAGE_STANDARD = "gnu++14";
				CLANG_CXX_LIBRARY = "libc++";
				CLANG_ENABLE_MODULES = YES;
				CLANG_ENABLE_OBJC_ARC = YES;
				CLANG_WARN_BLOCK_CAPTURE_AUTORELEASING = YES;
				CLANG_WARN_BOOL_CONVERSION = YES;
				CLANG_WARN_COMMA = YES;
				CLANG_WARN_CONSTANT_CONVERSION = YES;
				CLANG_WARN_DIRECT_OBJC_ISA_USAGE = YES_ERROR;
				CLANG_WARN_DOCUMENTATION_COMMENTS = YES;
				CLANG_WARN_EMPTY_BODY = YES;
				CLANG_WARN_ENUM_CONVERSION = YES;
				CLANG_WARN_INFINITE_RECURSION = YES;
				CLANG_WARN_INT_CONVERSION = YES;
				CLANG_WARN_NON_LITERAL_NULL_CONVERSION = YES;
				CLANG_WARN_OBJC_LITERAL_CONVERSION = YES;
				CLANG_WARN_OBJC_ROOT_CLASS = YES_ERROR;
				CLANG_WARN_RANGE_LOOP_ANALYSIS = YES;
				CLANG_WARN_STRICT_PROTOTYPES = YES;
				CLANG_WARN_SUSPICIOUS_MOVE = YES;
				CLANG_WARN_UNGUARDED_AVAILABILITY = YES_AGGRESSIVE;
				CLANG_WARN_UNREACHABLE_CODE = YES;
				CLANG_WARN__DUPLICATE_METHOD_MATCH = YES;
				CODE_SIGN_IDENTITY = "iPhone Developer";
				COPY_PHASE_STRIP = NO;
				DEBUG_INFORMATION_FORMAT = "dwarf-with-dsym";
				ENABLE_NS_ASSERTIONS = NO;
				ENABLE_STRICT_OBJC_MSGSEND = YES;
				GCC_C_LANGUAGE_STANDARD = gnu11;
				GCC_NO_COMMON_BLOCKS = YES;
				GCC_WARN_64_TO_32_BIT_CONVERSION = YES;
				GCC_WARN_ABOUT_RETURN_TYPE = YES_ERROR;
				GCC_WARN_UNDECLARED_SELECTOR = YES;
				GCC_WARN_UNINITIALIZED_AUTOS = YES_AGGRESSIVE;
				GCC_WARN_UNUSED_FUNCTION = YES;
				GCC_WARN_UNUSED_VARIABLE = YES;
				IPHONEOS_DEPLOYMENT_TARGET = 11.0;
				MTL_ENABLE_DEBUG_INFO = NO;
				SDKROOT = iphoneos;
				SWIFT_OPTIMIZATION_LEVEL = "-Owholemodule";
				VALIDATE_PRODUCT = YES;
			};
			name = Release;
		};
		BDED61341F7C4CCA00157B57 /* Debug */ = {
			isa = XCBuildConfiguration;
			buildSettings = {
				ASSETCATALOG_COMPILER_APPICON_NAME = AppIcon;
				CODE_SIGN_STYLE = Automatic;
				DEVELOPMENT_TEAM = CR2PK929N8;
				FRAMEWORK_SEARCH_PATHS = (
					"$(inherited)",
					"$(PROJECT_DIR)/Carthage/Build/iOS",
				);
				INFOPLIST_FILE = Carthage_Example/Info.plist;
				LD_RUNPATH_SEARCH_PATHS = "$(inherited) @executable_path/Frameworks";
				PRODUCT_BUNDLE_IDENTIFIER = "com.scinfu.carthage.Carthage-Example";
				PRODUCT_NAME = "$(TARGET_NAME)";
				SWIFT_VERSION = 4.0;
				TARGETED_DEVICE_FAMILY = "1,2";
			};
			name = Debug;
		};
		BDED61351F7C4CCA00157B57 /* Release */ = {
			isa = XCBuildConfiguration;
			buildSettings = {
				ASSETCATALOG_COMPILER_APPICON_NAME = AppIcon;
				CODE_SIGN_STYLE = Automatic;
				DEVELOPMENT_TEAM = CR2PK929N8;
				FRAMEWORK_SEARCH_PATHS = (
					"$(inherited)",
					"$(PROJECT_DIR)/Carthage/Build/iOS",
				);
				INFOPLIST_FILE = Carthage_Example/Info.plist;
				LD_RUNPATH_SEARCH_PATHS = "$(inherited) @executable_path/Frameworks";
				PRODUCT_BUNDLE_IDENTIFIER = "com.scinfu.carthage.Carthage-Example";
				PRODUCT_NAME = "$(TARGET_NAME)";
				SWIFT_VERSION = 4.0;
				TARGETED_DEVICE_FAMILY = "1,2";
			};
			name = Release;
		};
/* End XCBuildConfiguration section */

/* Begin XCConfigurationList section */
		BDED611C1F7C4CCA00157B57 /* Build configuration list for PBXProject "Carthage_Example" */ = {
			isa = XCConfigurationList;
			buildConfigurations = (
				BDED61311F7C4CCA00157B57 /* Debug */,
				BDED61321F7C4CCA00157B57 /* Release */,
			);
			defaultConfigurationIsVisible = 0;
			defaultConfigurationName = Release;
		};
		BDED61331F7C4CCA00157B57 /* Build configuration list for PBXNativeTarget "Carthage_Example" */ = {
			isa = XCConfigurationList;
			buildConfigurations = (
				BDED61341F7C4CCA00157B57 /* Debug */,
				BDED61351F7C4CCA00157B57 /* Release */,
			);
			defaultConfigurationIsVisible = 0;
			defaultConfigurationName = Release;
		};
/* End XCConfigurationList section */
	};
	rootObject = BDED61191F7C4CCA00157B57 /* Project object */;
}
