// !$*UTF8*$!
{
	archiveVersion = 1;
	classes = {
	};
	objectVersion = 46;
	objects = {

/* Begin PBXBuildFile section */
		OBJ_102 /* ArrayExt.swift in Sources */ = {isa = PBXBuildFile; fileRef = OBJ_9 /* ArrayExt.swift */; };
		OBJ_103 /* Attribute.swift in Sources */ = {isa = PBXBuildFile; fileRef = OBJ_10 /* Attribute.swift */; };
		OBJ_104 /* Attributes.swift in Sources */ = {isa = PBXBuildFile; fileRef = OBJ_11 /* Attributes.swift */; };
		OBJ_105 /* BooleanAttribute.swift in Sources */ = {isa = PBXBuildFile; fileRef = OBJ_12 /* BooleanAttribute.swift */; };
		OBJ_106 /* CharacterExt.swift in Sources */ = {isa = PBXBuildFile; fileRef = OBJ_13 /* CharacterExt.swift */; };
		OBJ_107 /* CharacterReader.swift in Sources */ = {isa = PBXBuildFile; fileRef = OBJ_14 /* CharacterReader.swift */; };
		OBJ_108 /* Cleaner.swift in Sources */ = {isa = PBXBuildFile; fileRef = OBJ_15 /* Cleaner.swift */; };
		OBJ_109 /* Collector.swift in Sources */ = {isa = PBXBuildFile; fileRef = OBJ_16 /* Collector.swift */; };
		OBJ_110 /* CombiningEvaluator.swift in Sources */ = {isa = PBXBuildFile; fileRef = OBJ_17 /* CombiningEvaluator.swift */; };
		OBJ_111 /* Comment.swift in Sources */ = {isa = PBXBuildFile; fileRef = OBJ_18 /* Comment.swift */; };
		OBJ_112 /* Connection.swift in Sources */ = {isa = PBXBuildFile; fileRef = OBJ_19 /* Connection.swift */; };
		OBJ_113 /* DataNode.swift in Sources */ = {isa = PBXBuildFile; fileRef = OBJ_20 /* DataNode.swift */; };
		OBJ_114 /* DataUtil.swift in Sources */ = {isa = PBXBuildFile; fileRef = OBJ_21 /* DataUtil.swift */; };
		OBJ_115 /* Document.swift in Sources */ = {isa = PBXBuildFile; fileRef = OBJ_22 /* Document.swift */; };
		OBJ_116 /* DocumentType.swift in Sources */ = {isa = PBXBuildFile; fileRef = OBJ_23 /* DocumentType.swift */; };
		OBJ_117 /* Element.swift in Sources */ = {isa = PBXBuildFile; fileRef = OBJ_24 /* Element.swift */; };
		OBJ_118 /* Elements.swift in Sources */ = {isa = PBXBuildFile; fileRef = OBJ_25 /* Elements.swift */; };
		OBJ_119 /* Entities.swift in Sources */ = {isa = PBXBuildFile; fileRef = OBJ_26 /* Entities.swift */; };
		OBJ_120 /* Evaluator.swift in Sources */ = {isa = PBXBuildFile; fileRef = OBJ_27 /* Evaluator.swift */; };
		OBJ_121 /* Exception.swift in Sources */ = {isa = PBXBuildFile; fileRef = OBJ_28 /* Exception.swift */; };
		OBJ_122 /* FormElement.swift in Sources */ = {isa = PBXBuildFile; fileRef = OBJ_29 /* FormElement.swift */; };
		OBJ_123 /* HtmlTreeBuilder.swift in Sources */ = {isa = PBXBuildFile; fileRef = OBJ_30 /* HtmlTreeBuilder.swift */; };
		OBJ_124 /* HtmlTreeBuilderState.swift in Sources */ = {isa = PBXBuildFile; fileRef = OBJ_31 /* HtmlTreeBuilderState.swift */; };
		OBJ_125 /* HttpStatusException.swift in Sources */ = {isa = PBXBuildFile; fileRef = OBJ_32 /* HttpStatusException.swift */; };
		OBJ_126 /* Node.swift in Sources */ = {isa = PBXBuildFile; fileRef = OBJ_33 /* Node.swift */; };
		OBJ_127 /* NodeTraversor.swift in Sources */ = {isa = PBXBuildFile; fileRef = OBJ_34 /* NodeTraversor.swift */; };
		OBJ_128 /* NodeVisitor.swift in Sources */ = {isa = PBXBuildFile; fileRef = OBJ_35 /* NodeVisitor.swift */; };
		OBJ_129 /* OrderedDictionary.swift in Sources */ = {isa = PBXBuildFile; fileRef = OBJ_36 /* OrderedDictionary.swift */; };
		OBJ_130 /* OrderedSet.swift in Sources */ = {isa = PBXBuildFile; fileRef = OBJ_37 /* OrderedSet.swift */; };
		OBJ_131 /* ParseError.swift in Sources */ = {isa = PBXBuildFile; fileRef = OBJ_38 /* ParseError.swift */; };
		OBJ_132 /* ParseErrorList.swift in Sources */ = {isa = PBXBuildFile; fileRef = OBJ_39 /* ParseErrorList.swift */; };
		OBJ_133 /* Parser.swift in Sources */ = {isa = PBXBuildFile; fileRef = OBJ_40 /* Parser.swift */; };
		OBJ_134 /* ParseSettings.swift in Sources */ = {isa = PBXBuildFile; fileRef = OBJ_41 /* ParseSettings.swift */; };
		OBJ_135 /* Pattern.swift in Sources */ = {isa = PBXBuildFile; fileRef = OBJ_42 /* Pattern.swift */; };
		OBJ_136 /* PlatformTypes.swift in Sources */ = {isa = PBXBuildFile; fileRef = OBJ_43 /* PlatformTypes.swift */; };
		OBJ_137 /* QueryParser.swift in Sources */ = {isa = PBXBuildFile; fileRef = OBJ_44 /* QueryParser.swift */; };
		OBJ_138 /* Selector.swift in Sources */ = {isa = PBXBuildFile; fileRef = OBJ_45 /* Selector.swift */; };
		OBJ_139 /* SerializationException.swift in Sources */ = {isa = PBXBuildFile; fileRef = OBJ_46 /* SerializationException.swift */; };
		OBJ_140 /* SimpleDictionary.swift in Sources */ = {isa = PBXBuildFile; fileRef = OBJ_47 /* SimpleDictionary.swift */; };
		OBJ_141 /* StreamReader.swift in Sources */ = {isa = PBXBuildFile; fileRef = OBJ_48 /* StreamReader.swift */; };
		OBJ_142 /* String.swift in Sources */ = {isa = PBXBuildFile; fileRef = OBJ_49 /* String.swift */; };
		OBJ_143 /* StringBuilder.swift in Sources */ = {isa = PBXBuildFile; fileRef = OBJ_50 /* StringBuilder.swift */; };
		OBJ_144 /* StringUtil.swift in Sources */ = {isa = PBXBuildFile; fileRef = OBJ_51 /* StringUtil.swift */; };
		OBJ_145 /* StructuralEvaluator.swift in Sources */ = {isa = PBXBuildFile; fileRef = OBJ_52 /* StructuralEvaluator.swift */; };
		OBJ_146 /* SwiftSoup.swift in Sources */ = {isa = PBXBuildFile; fileRef = OBJ_53 /* SwiftSoup.swift */; };
		OBJ_147 /* Tag.swift in Sources */ = {isa = PBXBuildFile; fileRef = OBJ_54 /* Tag.swift */; };
		OBJ_148 /* TextNode.swift in Sources */ = {isa = PBXBuildFile; fileRef = OBJ_55 /* TextNode.swift */; };
		OBJ_149 /* Token.swift in Sources */ = {isa = PBXBuildFile; fileRef = OBJ_56 /* Token.swift */; };
		OBJ_150 /* Tokeniser.swift in Sources */ = {isa = PBXBuildFile; fileRef = OBJ_57 /* Tokeniser.swift */; };
		OBJ_151 /* TokeniserState.swift in Sources */ = {isa = PBXBuildFile; fileRef = OBJ_58 /* TokeniserState.swift */; };
		OBJ_152 /* TokenQueue.swift in Sources */ = {isa = PBXBuildFile; fileRef = OBJ_59 /* TokenQueue.swift */; };
		OBJ_153 /* TreeBuilder.swift in Sources */ = {isa = PBXBuildFile; fileRef = OBJ_60 /* TreeBuilder.swift */; };
		OBJ_154 /* UnicodeScalar.swift in Sources */ = {isa = PBXBuildFile; fileRef = OBJ_61 /* UnicodeScalar.swift */; };
		OBJ_155 /* Validate.swift in Sources */ = {isa = PBXBuildFile; fileRef = OBJ_62 /* Validate.swift */; };
		OBJ_156 /* Whitelist.swift in Sources */ = {isa = PBXBuildFile; fileRef = OBJ_63 /* Whitelist.swift */; };
		OBJ_157 /* XmlDeclaration.swift in Sources */ = {isa = PBXBuildFile; fileRef = OBJ_64 /* XmlDeclaration.swift */; };
		OBJ_158 /* XmlTreeBuilder.swift in Sources */ = {isa = PBXBuildFile; fileRef = OBJ_65 /* XmlTreeBuilder.swift */; };
		OBJ_165 /* AttributeParseTest.swift in Sources */ = {isa = PBXBuildFile; fileRef = OBJ_68 /* AttributeParseTest.swift */; };
		OBJ_166 /* AttributesTest.swift in Sources */ = {isa = PBXBuildFile; fileRef = OBJ_69 /* AttributesTest.swift */; };
		OBJ_167 /* AttributeTest.swift in Sources */ = {isa = PBXBuildFile; fileRef = OBJ_70 /* AttributeTest.swift */; };
		OBJ_168 /* BuildEntities.swift in Sources */ = {isa = PBXBuildFile; fileRef = OBJ_71 /* BuildEntities.swift */; };
		OBJ_169 /* CharacterReaderTest.swift in Sources */ = {isa = PBXBuildFile; fileRef = OBJ_72 /* CharacterReaderTest.swift */; };
		OBJ_170 /* CleanerTest.swift in Sources */ = {isa = PBXBuildFile; fileRef = OBJ_73 /* CleanerTest.swift */; };
		OBJ_171 /* CssTest.swift in Sources */ = {isa = PBXBuildFile; fileRef = OBJ_74 /* CssTest.swift */; };
		OBJ_172 /* DocumentTest.swift in Sources */ = {isa = PBXBuildFile; fileRef = OBJ_75 /* DocumentTest.swift */; };
		OBJ_173 /* DocumentTypeTest.swift in Sources */ = {isa = PBXBuildFile; fileRef = OBJ_76 /* DocumentTypeTest.swift */; };
		OBJ_174 /* ElementsTest.swift in Sources */ = {isa = PBXBuildFile; fileRef = OBJ_77 /* ElementsTest.swift */; };
		OBJ_175 /* ElementTest.swift in Sources */ = {isa = PBXBuildFile; fileRef = OBJ_78 /* ElementTest.swift */; };
		OBJ_176 /* EntitiesTest.swift in Sources */ = {isa = PBXBuildFile; fileRef = OBJ_79 /* EntitiesTest.swift */; };
		OBJ_177 /* FormElementTest.swift in Sources */ = {isa = PBXBuildFile; fileRef = OBJ_80 /* FormElementTest.swift */; };
		OBJ_178 /* HtmlParserTest.swift in Sources */ = {isa = PBXBuildFile; fileRef = OBJ_81 /* HtmlParserTest.swift */; };
		OBJ_179 /* NodeTest.swift in Sources */ = {isa = PBXBuildFile; fileRef = OBJ_82 /* NodeTest.swift */; };
		OBJ_180 /* ParseSettingsTest.swift in Sources */ = {isa = PBXBuildFile; fileRef = OBJ_83 /* ParseSettingsTest.swift */; };
		OBJ_181 /* QueryParserTest.swift in Sources */ = {isa = PBXBuildFile; fileRef = OBJ_84 /* QueryParserTest.swift */; };
		OBJ_182 /* SelectorTest.swift in Sources */ = {isa = PBXBuildFile; fileRef = OBJ_85 /* SelectorTest.swift */; };
		OBJ_183 /* StringUtilTest.swift in Sources */ = {isa = PBXBuildFile; fileRef = OBJ_86 /* StringUtilTest.swift */; };
		OBJ_184 /* SwiftSoupTests.swift in Sources */ = {isa = PBXBuildFile; fileRef = OBJ_87 /* SwiftSoupTests.swift */; };
		OBJ_185 /* TagTest.swift in Sources */ = {isa = PBXBuildFile; fileRef = OBJ_88 /* TagTest.swift */; };
		OBJ_186 /* TextNodeTest.swift in Sources */ = {isa = PBXBuildFile; fileRef = OBJ_89 /* TextNodeTest.swift */; };
		OBJ_187 /* TextUtil.swift in Sources */ = {isa = PBXBuildFile; fileRef = OBJ_90 /* TextUtil.swift */; };
		OBJ_188 /* TokenQueueTest.swift in Sources */ = {isa = PBXBuildFile; fileRef = OBJ_91 /* TokenQueueTest.swift */; };
		OBJ_189 /* XmlTreeBuilderTest.swift in Sources */ = {isa = PBXBuildFile; fileRef = OBJ_92 /* XmlTreeBuilderTest.swift */; };
		OBJ_191 /* SwiftSoup.framework in Frameworks */ = {isa = PBXBuildFile; fileRef = OBJ_95 /* SwiftSoup.framework */; };
/* End PBXBuildFile section */

/* Begin PBXContainerItemProxy section */
		236EB8761E7AE4E700DA15B8 /* PBXContainerItemProxy */ = {
			isa = PBXContainerItemProxy;
			containerPortal = OBJ_1 /* Project object */;
			proxyType = 1;
			remoteGlobalIDString = OBJ_97;
			remoteInfo = SwiftSoup;
		};
/* End PBXContainerItemProxy section */

/* Begin PBXFileReference section */
		OBJ_10 /* Attribute.swift */ = {isa = PBXFileReference; lastKnownFileType = sourcecode.swift; path = Attribute.swift; sourceTree = "<group>"; };
		OBJ_11 /* Attributes.swift */ = {isa = PBXFileReference; lastKnownFileType = sourcecode.swift; path = Attributes.swift; sourceTree = "<group>"; };
		OBJ_12 /* BooleanAttribute.swift */ = {isa = PBXFileReference; lastKnownFileType = sourcecode.swift; path = BooleanAttribute.swift; sourceTree = "<group>"; };
		OBJ_13 /* CharacterExt.swift */ = {isa = PBXFileReference; lastKnownFileType = sourcecode.swift; path = CharacterExt.swift; sourceTree = "<group>"; };
		OBJ_14 /* CharacterReader.swift */ = {isa = PBXFileReference; lastKnownFileType = sourcecode.swift; path = CharacterReader.swift; sourceTree = "<group>"; };
		OBJ_15 /* Cleaner.swift */ = {isa = PBXFileReference; lastKnownFileType = sourcecode.swift; path = Cleaner.swift; sourceTree = "<group>"; };
		OBJ_16 /* Collector.swift */ = {isa = PBXFileReference; lastKnownFileType = sourcecode.swift; path = Collector.swift; sourceTree = "<group>"; };
		OBJ_17 /* CombiningEvaluator.swift */ = {isa = PBXFileReference; lastKnownFileType = sourcecode.swift; path = CombiningEvaluator.swift; sourceTree = "<group>"; };
		OBJ_18 /* Comment.swift */ = {isa = PBXFileReference; lastKnownFileType = sourcecode.swift; path = Comment.swift; sourceTree = "<group>"; };
		OBJ_19 /* Connection.swift */ = {isa = PBXFileReference; lastKnownFileType = sourcecode.swift; path = Connection.swift; sourceTree = "<group>"; };
		OBJ_20 /* DataNode.swift */ = {isa = PBXFileReference; lastKnownFileType = sourcecode.swift; path = DataNode.swift; sourceTree = "<group>"; };
		OBJ_21 /* DataUtil.swift */ = {isa = PBXFileReference; lastKnownFileType = sourcecode.swift; path = DataUtil.swift; sourceTree = "<group>"; };
		OBJ_22 /* Document.swift */ = {isa = PBXFileReference; lastKnownFileType = sourcecode.swift; path = Document.swift; sourceTree = "<group>"; };
		OBJ_23 /* DocumentType.swift */ = {isa = PBXFileReference; lastKnownFileType = sourcecode.swift; path = DocumentType.swift; sourceTree = "<group>"; };
		OBJ_24 /* Element.swift */ = {isa = PBXFileReference; lastKnownFileType = sourcecode.swift; path = Element.swift; sourceTree = "<group>"; };
		OBJ_25 /* Elements.swift */ = {isa = PBXFileReference; lastKnownFileType = sourcecode.swift; path = Elements.swift; sourceTree = "<group>"; };
		OBJ_26 /* Entities.swift */ = {isa = PBXFileReference; lastKnownFileType = sourcecode.swift; path = Entities.swift; sourceTree = "<group>"; };
		OBJ_27 /* Evaluator.swift */ = {isa = PBXFileReference; lastKnownFileType = sourcecode.swift; path = Evaluator.swift; sourceTree = "<group>"; };
		OBJ_28 /* Exception.swift */ = {isa = PBXFileReference; lastKnownFileType = sourcecode.swift; path = Exception.swift; sourceTree = "<group>"; };
		OBJ_29 /* FormElement.swift */ = {isa = PBXFileReference; lastKnownFileType = sourcecode.swift; path = FormElement.swift; sourceTree = "<group>"; };
		OBJ_30 /* HtmlTreeBuilder.swift */ = {isa = PBXFileReference; lastKnownFileType = sourcecode.swift; path = HtmlTreeBuilder.swift; sourceTree = "<group>"; };
		OBJ_31 /* HtmlTreeBuilderState.swift */ = {isa = PBXFileReference; lastKnownFileType = sourcecode.swift; path = HtmlTreeBuilderState.swift; sourceTree = "<group>"; };
		OBJ_32 /* HttpStatusException.swift */ = {isa = PBXFileReference; lastKnownFileType = sourcecode.swift; path = HttpStatusException.swift; sourceTree = "<group>"; };
		OBJ_33 /* Node.swift */ = {isa = PBXFileReference; lastKnownFileType = sourcecode.swift; path = Node.swift; sourceTree = "<group>"; };
		OBJ_34 /* NodeTraversor.swift */ = {isa = PBXFileReference; lastKnownFileType = sourcecode.swift; path = NodeTraversor.swift; sourceTree = "<group>"; };
		OBJ_35 /* NodeVisitor.swift */ = {isa = PBXFileReference; lastKnownFileType = sourcecode.swift; path = NodeVisitor.swift; sourceTree = "<group>"; };
		OBJ_36 /* OrderedDictionary.swift */ = {isa = PBXFileReference; lastKnownFileType = sourcecode.swift; path = OrderedDictionary.swift; sourceTree = "<group>"; };
		OBJ_37 /* OrderedSet.swift */ = {isa = PBXFileReference; lastKnownFileType = sourcecode.swift; path = OrderedSet.swift; sourceTree = "<group>"; };
		OBJ_38 /* ParseError.swift */ = {isa = PBXFileReference; lastKnownFileType = sourcecode.swift; path = ParseError.swift; sourceTree = "<group>"; };
		OBJ_39 /* ParseErrorList.swift */ = {isa = PBXFileReference; lastKnownFileType = sourcecode.swift; path = ParseErrorList.swift; sourceTree = "<group>"; };
		OBJ_40 /* Parser.swift */ = {isa = PBXFileReference; lastKnownFileType = sourcecode.swift; path = Parser.swift; sourceTree = "<group>"; };
		OBJ_41 /* ParseSettings.swift */ = {isa = PBXFileReference; lastKnownFileType = sourcecode.swift; path = ParseSettings.swift; sourceTree = "<group>"; };
		OBJ_42 /* Pattern.swift */ = {isa = PBXFileReference; lastKnownFileType = sourcecode.swift; path = Pattern.swift; sourceTree = "<group>"; };
		OBJ_43 /* PlatformTypes.swift */ = {isa = PBXFileReference; lastKnownFileType = sourcecode.swift; path = PlatformTypes.swift; sourceTree = "<group>"; };
		OBJ_44 /* QueryParser.swift */ = {isa = PBXFileReference; lastKnownFileType = sourcecode.swift; path = QueryParser.swift; sourceTree = "<group>"; };
		OBJ_45 /* Selector.swift */ = {isa = PBXFileReference; lastKnownFileType = sourcecode.swift; path = Selector.swift; sourceTree = "<group>"; };
		OBJ_46 /* SerializationException.swift */ = {isa = PBXFileReference; lastKnownFileType = sourcecode.swift; path = SerializationException.swift; sourceTree = "<group>"; };
		OBJ_47 /* SimpleDictionary.swift */ = {isa = PBXFileReference; lastKnownFileType = sourcecode.swift; path = SimpleDictionary.swift; sourceTree = "<group>"; };
		OBJ_48 /* StreamReader.swift */ = {isa = PBXFileReference; lastKnownFileType = sourcecode.swift; path = StreamReader.swift; sourceTree = "<group>"; };
		OBJ_49 /* String.swift */ = {isa = PBXFileReference; lastKnownFileType = sourcecode.swift; path = String.swift; sourceTree = "<group>"; };
		OBJ_50 /* StringBuilder.swift */ = {isa = PBXFileReference; lastKnownFileType = sourcecode.swift; path = StringBuilder.swift; sourceTree = "<group>"; };
		OBJ_51 /* StringUtil.swift */ = {isa = PBXFileReference; lastKnownFileType = sourcecode.swift; path = StringUtil.swift; sourceTree = "<group>"; };
		OBJ_52 /* StructuralEvaluator.swift */ = {isa = PBXFileReference; lastKnownFileType = sourcecode.swift; path = StructuralEvaluator.swift; sourceTree = "<group>"; };
		OBJ_53 /* SwiftSoup.swift */ = {isa = PBXFileReference; lastKnownFileType = sourcecode.swift; path = SwiftSoup.swift; sourceTree = "<group>"; };
		OBJ_54 /* Tag.swift */ = {isa = PBXFileReference; lastKnownFileType = sourcecode.swift; path = Tag.swift; sourceTree = "<group>"; };
		OBJ_55 /* TextNode.swift */ = {isa = PBXFileReference; lastKnownFileType = sourcecode.swift; path = TextNode.swift; sourceTree = "<group>"; };
		OBJ_56 /* Token.swift */ = {isa = PBXFileReference; lastKnownFileType = sourcecode.swift; path = Token.swift; sourceTree = "<group>"; };
		OBJ_57 /* Tokeniser.swift */ = {isa = PBXFileReference; lastKnownFileType = sourcecode.swift; path = Tokeniser.swift; sourceTree = "<group>"; };
		OBJ_58 /* TokeniserState.swift */ = {isa = PBXFileReference; lastKnownFileType = sourcecode.swift; path = TokeniserState.swift; sourceTree = "<group>"; };
		OBJ_59 /* TokenQueue.swift */ = {isa = PBXFileReference; lastKnownFileType = sourcecode.swift; path = TokenQueue.swift; sourceTree = "<group>"; };
		OBJ_6 /* Package.swift */ = {isa = PBXFileReference; explicitFileType = sourcecode.swift; path = Package.swift; sourceTree = "<group>"; };
		OBJ_60 /* TreeBuilder.swift */ = {isa = PBXFileReference; lastKnownFileType = sourcecode.swift; path = TreeBuilder.swift; sourceTree = "<group>"; };
		OBJ_61 /* UnicodeScalar.swift */ = {isa = PBXFileReference; lastKnownFileType = sourcecode.swift; path = UnicodeScalar.swift; sourceTree = "<group>"; };
		OBJ_62 /* Validate.swift */ = {isa = PBXFileReference; lastKnownFileType = sourcecode.swift; path = Validate.swift; sourceTree = "<group>"; };
		OBJ_63 /* Whitelist.swift */ = {isa = PBXFileReference; lastKnownFileType = sourcecode.swift; path = Whitelist.swift; sourceTree = "<group>"; };
		OBJ_64 /* XmlDeclaration.swift */ = {isa = PBXFileReference; lastKnownFileType = sourcecode.swift; path = XmlDeclaration.swift; sourceTree = "<group>"; };
		OBJ_65 /* XmlTreeBuilder.swift */ = {isa = PBXFileReference; lastKnownFileType = sourcecode.swift; path = XmlTreeBuilder.swift; sourceTree = "<group>"; };
		OBJ_68 /* AttributeParseTest.swift */ = {isa = PBXFileReference; lastKnownFileType = sourcecode.swift; path = AttributeParseTest.swift; sourceTree = "<group>"; };
		OBJ_69 /* AttributesTest.swift */ = {isa = PBXFileReference; lastKnownFileType = sourcecode.swift; path = AttributesTest.swift; sourceTree = "<group>"; };
		OBJ_70 /* AttributeTest.swift */ = {isa = PBXFileReference; lastKnownFileType = sourcecode.swift; path = AttributeTest.swift; sourceTree = "<group>"; };
		OBJ_71 /* BuildEntities.swift */ = {isa = PBXFileReference; lastKnownFileType = sourcecode.swift; path = BuildEntities.swift; sourceTree = "<group>"; };
		OBJ_72 /* CharacterReaderTest.swift */ = {isa = PBXFileReference; lastKnownFileType = sourcecode.swift; path = CharacterReaderTest.swift; sourceTree = "<group>"; };
		OBJ_73 /* CleanerTest.swift */ = {isa = PBXFileReference; lastKnownFileType = sourcecode.swift; path = CleanerTest.swift; sourceTree = "<group>"; };
		OBJ_74 /* CssTest.swift */ = {isa = PBXFileReference; lastKnownFileType = sourcecode.swift; path = CssTest.swift; sourceTree = "<group>"; };
		OBJ_75 /* DocumentTest.swift */ = {isa = PBXFileReference; lastKnownFileType = sourcecode.swift; path = DocumentTest.swift; sourceTree = "<group>"; };
		OBJ_76 /* DocumentTypeTest.swift */ = {isa = PBXFileReference; lastKnownFileType = sourcecode.swift; path = DocumentTypeTest.swift; sourceTree = "<group>"; };
		OBJ_77 /* ElementsTest.swift */ = {isa = PBXFileReference; lastKnownFileType = sourcecode.swift; path = ElementsTest.swift; sourceTree = "<group>"; };
		OBJ_78 /* ElementTest.swift */ = {isa = PBXFileReference; lastKnownFileType = sourcecode.swift; path = ElementTest.swift; sourceTree = "<group>"; };
		OBJ_79 /* EntitiesTest.swift */ = {isa = PBXFileReference; lastKnownFileType = sourcecode.swift; path = EntitiesTest.swift; sourceTree = "<group>"; };
		OBJ_80 /* FormElementTest.swift */ = {isa = PBXFileReference; lastKnownFileType = sourcecode.swift; path = FormElementTest.swift; sourceTree = "<group>"; };
		OBJ_81 /* HtmlParserTest.swift */ = {isa = PBXFileReference; lastKnownFileType = sourcecode.swift; path = HtmlParserTest.swift; sourceTree = "<group>"; };
		OBJ_82 /* NodeTest.swift */ = {isa = PBXFileReference; lastKnownFileType = sourcecode.swift; path = NodeTest.swift; sourceTree = "<group>"; };
		OBJ_83 /* ParseSettingsTest.swift */ = {isa = PBXFileReference; lastKnownFileType = sourcecode.swift; path = ParseSettingsTest.swift; sourceTree = "<group>"; };
		OBJ_84 /* QueryParserTest.swift */ = {isa = PBXFileReference; lastKnownFileType = sourcecode.swift; path = QueryParserTest.swift; sourceTree = "<group>"; };
		OBJ_85 /* SelectorTest.swift */ = {isa = PBXFileReference; lastKnownFileType = sourcecode.swift; path = SelectorTest.swift; sourceTree = "<group>"; };
		OBJ_86 /* StringUtilTest.swift */ = {isa = PBXFileReference; lastKnownFileType = sourcecode.swift; path = StringUtilTest.swift; sourceTree = "<group>"; };
		OBJ_87 /* SwiftSoupTests.swift */ = {isa = PBXFileReference; lastKnownFileType = sourcecode.swift; path = SwiftSoupTests.swift; sourceTree = "<group>"; };
		OBJ_88 /* TagTest.swift */ = {isa = PBXFileReference; lastKnownFileType = sourcecode.swift; path = TagTest.swift; sourceTree = "<group>"; };
		OBJ_89 /* TextNodeTest.swift */ = {isa = PBXFileReference; lastKnownFileType = sourcecode.swift; path = TextNodeTest.swift; sourceTree = "<group>"; };
		OBJ_9 /* ArrayExt.swift */ = {isa = PBXFileReference; lastKnownFileType = sourcecode.swift; path = ArrayExt.swift; sourceTree = "<group>"; };
		OBJ_90 /* TextUtil.swift */ = {isa = PBXFileReference; lastKnownFileType = sourcecode.swift; path = TextUtil.swift; sourceTree = "<group>"; };
		OBJ_91 /* TokenQueueTest.swift */ = {isa = PBXFileReference; lastKnownFileType = sourcecode.swift; path = TokenQueueTest.swift; sourceTree = "<group>"; };
		OBJ_92 /* XmlTreeBuilderTest.swift */ = {isa = PBXFileReference; lastKnownFileType = sourcecode.swift; path = XmlTreeBuilderTest.swift; sourceTree = "<group>"; };
		OBJ_93 /* Example */ = {isa = PBXFileReference; lastKnownFileType = folder; path = Example; sourceTree = SOURCE_ROOT; };
		OBJ_95 /* SwiftSoup.framework */ = {isa = PBXFileReference; explicitFileType = wrapper.framework; path = SwiftSoup.framework; sourceTree = BUILT_PRODUCTS_DIR; };
		OBJ_96 /* SwiftSoupTests.xctest */ = {isa = PBXFileReference; lastKnownFileType = file; path = SwiftSoupTests.xctest; sourceTree = BUILT_PRODUCTS_DIR; };
/* End PBXFileReference section */

/* Begin PBXFrameworksBuildPhase section */
		OBJ_159 /* Frameworks */ = {
			isa = PBXFrameworksBuildPhase;
			buildActionMask = 0;
			files = (
			);
			runOnlyForDeploymentPostprocessing = 0;
		};
		OBJ_190 /* Frameworks */ = {
			isa = PBXFrameworksBuildPhase;
			buildActionMask = 0;
			files = (
				OBJ_191 /* SwiftSoup.framework in Frameworks */,
			);
			runOnlyForDeploymentPostprocessing = 0;
		};
/* End PBXFrameworksBuildPhase section */

/* Begin PBXGroup section */
		OBJ_5 /*  */ = {
			isa = PBXGroup;
			children = (
				OBJ_6 /* Package.swift */,
				OBJ_7 /* Sources */,
				OBJ_66 /* Tests */,
				OBJ_93 /* Example */,
				OBJ_94 /* Products */,
			);
			name = "";
			sourceTree = "<group>";
		};
		OBJ_66 /* Tests */ = {
			isa = PBXGroup;
			children = (
				OBJ_67 /* SwiftSoupTests */,
			);
			path = Tests;
			sourceTree = "<group>";
		};
		OBJ_67 /* SwiftSoupTests */ = {
			isa = PBXGroup;
			children = (
				OBJ_68 /* AttributeParseTest.swift */,
				OBJ_69 /* AttributesTest.swift */,
				OBJ_70 /* AttributeTest.swift */,
				OBJ_71 /* BuildEntities.swift */,
				OBJ_72 /* CharacterReaderTest.swift */,
				OBJ_73 /* CleanerTest.swift */,
				OBJ_74 /* CssTest.swift */,
				OBJ_75 /* DocumentTest.swift */,
				OBJ_76 /* DocumentTypeTest.swift */,
				OBJ_77 /* ElementsTest.swift */,
				OBJ_78 /* ElementTest.swift */,
				OBJ_79 /* EntitiesTest.swift */,
				OBJ_80 /* FormElementTest.swift */,
				OBJ_81 /* HtmlParserTest.swift */,
				OBJ_82 /* NodeTest.swift */,
				OBJ_83 /* ParseSettingsTest.swift */,
				OBJ_84 /* QueryParserTest.swift */,
				OBJ_85 /* SelectorTest.swift */,
				OBJ_86 /* StringUtilTest.swift */,
				OBJ_87 /* SwiftSoupTests.swift */,
				OBJ_88 /* TagTest.swift */,
				OBJ_89 /* TextNodeTest.swift */,
				OBJ_90 /* TextUtil.swift */,
				OBJ_91 /* TokenQueueTest.swift */,
				OBJ_92 /* XmlTreeBuilderTest.swift */,
			);
			name = SwiftSoupTests;
			path = Tests/SwiftSoupTests;
			sourceTree = SOURCE_ROOT;
		};
		OBJ_7 /* Sources */ = {
			isa = PBXGroup;
			children = (
				OBJ_8 /* SwiftSoup */,
			);
			path = Sources;
			sourceTree = "<group>";
		};
		OBJ_8 /* SwiftSoup */ = {
			isa = PBXGroup;
			children = (
				OBJ_9 /* ArrayExt.swift */,
				OBJ_10 /* Attribute.swift */,
				OBJ_11 /* Attributes.swift */,
				OBJ_12 /* BooleanAttribute.swift */,
				OBJ_13 /* CharacterExt.swift */,
				OBJ_14 /* CharacterReader.swift */,
				OBJ_15 /* Cleaner.swift */,
				OBJ_16 /* Collector.swift */,
				OBJ_17 /* CombiningEvaluator.swift */,
				OBJ_18 /* Comment.swift */,
				OBJ_19 /* Connection.swift */,
				OBJ_20 /* DataNode.swift */,
				OBJ_21 /* DataUtil.swift */,
				OBJ_22 /* Document.swift */,
				OBJ_23 /* DocumentType.swift */,
				OBJ_24 /* Element.swift */,
				OBJ_25 /* Elements.swift */,
				OBJ_26 /* Entities.swift */,
				OBJ_27 /* Evaluator.swift */,
				OBJ_28 /* Exception.swift */,
				OBJ_29 /* FormElement.swift */,
				OBJ_30 /* HtmlTreeBuilder.swift */,
				OBJ_31 /* HtmlTreeBuilderState.swift */,
				OBJ_32 /* HttpStatusException.swift */,
				OBJ_33 /* Node.swift */,
				OBJ_34 /* NodeTraversor.swift */,
				OBJ_35 /* NodeVisitor.swift */,
				OBJ_36 /* OrderedDictionary.swift */,
				OBJ_37 /* OrderedSet.swift */,
				OBJ_38 /* ParseError.swift */,
				OBJ_39 /* ParseErrorList.swift */,
				OBJ_40 /* Parser.swift */,
				OBJ_41 /* ParseSettings.swift */,
				OBJ_42 /* Pattern.swift */,
				OBJ_43 /* PlatformTypes.swift */,
				OBJ_44 /* QueryParser.swift */,
				OBJ_45 /* Selector.swift */,
				OBJ_46 /* SerializationException.swift */,
				OBJ_47 /* SimpleDictionary.swift */,
				OBJ_48 /* StreamReader.swift */,
				OBJ_49 /* String.swift */,
				OBJ_50 /* StringBuilder.swift */,
				OBJ_51 /* StringUtil.swift */,
				OBJ_52 /* StructuralEvaluator.swift */,
				OBJ_53 /* SwiftSoup.swift */,
				OBJ_54 /* Tag.swift */,
				OBJ_55 /* TextNode.swift */,
				OBJ_56 /* Token.swift */,
				OBJ_57 /* Tokeniser.swift */,
				OBJ_58 /* TokeniserState.swift */,
				OBJ_59 /* TokenQueue.swift */,
				OBJ_60 /* TreeBuilder.swift */,
				OBJ_61 /* UnicodeScalar.swift */,
				OBJ_62 /* Validate.swift */,
				OBJ_63 /* Whitelist.swift */,
				OBJ_64 /* XmlDeclaration.swift */,
				OBJ_65 /* XmlTreeBuilder.swift */,
			);
			name = SwiftSoup;
			path = Sources;
			sourceTree = SOURCE_ROOT;
		};
		OBJ_94 /* Products */ = {
			isa = PBXGroup;
			children = (
				OBJ_95 /* SwiftSoup.framework */,
				OBJ_96 /* SwiftSoupTests.xctest */,
			);
			name = Products;
			sourceTree = BUILT_PRODUCTS_DIR;
		};
/* End PBXGroup section */

/* Begin PBXNativeTarget section */
		OBJ_160 /* SwiftSoupTests */ = {
			isa = PBXNativeTarget;
			buildConfigurationList = OBJ_161 /* Build configuration list for PBXNativeTarget "SwiftSoupTests" */;
			buildPhases = (
				OBJ_164 /* Sources */,
				OBJ_190 /* Frameworks */,
			);
			buildRules = (
			);
			dependencies = (
				OBJ_192 /* PBXTargetDependency */,
			);
			name = SwiftSoupTests;
			productName = SwiftSoupTests;
			productReference = OBJ_96 /* SwiftSoupTests.xctest */;
			productType = "com.apple.product-type.bundle.unit-test";
		};
		OBJ_97 /* SwiftSoup */ = {
			isa = PBXNativeTarget;
			buildConfigurationList = OBJ_98 /* Build configuration list for PBXNativeTarget "SwiftSoup" */;
			buildPhases = (
				OBJ_101 /* Sources */,
				OBJ_159 /* Frameworks */,
			);
			buildRules = (
			);
			dependencies = (
			);
			name = SwiftSoup;
			productName = SwiftSoup;
			productReference = OBJ_95 /* SwiftSoup.framework */;
			productType = "com.apple.product-type.framework";
		};
/* End PBXNativeTarget section */

/* Begin PBXProject section */
		OBJ_1 /* Project object */ = {
			isa = PBXProject;
			attributes = {
				LastUpgradeCheck = 9999;
			};
			buildConfigurationList = OBJ_2 /* Build configuration list for PBXProject "SwiftSoup" */;
			compatibilityVersion = "Xcode 3.2";
			developmentRegion = English;
			hasScannedForEncodings = 0;
			knownRegions = (
				en,
			);
			mainGroup = OBJ_5 /*  */;
			productRefGroup = OBJ_94 /* Products */;
			projectDirPath = "";
			projectRoot = "";
			targets = (
				OBJ_97 /* SwiftSoup */,
				OBJ_160 /* SwiftSoupTests */,
			);
		};
/* End PBXProject section */

/* Begin PBXSourcesBuildPhase section */
		OBJ_101 /* Sources */ = {
			isa = PBXSourcesBuildPhase;
			buildActionMask = 0;
			files = (
				OBJ_102 /* ArrayExt.swift in Sources */,
				OBJ_103 /* Attribute.swift in Sources */,
				OBJ_104 /* Attributes.swift in Sources */,
				OBJ_105 /* BooleanAttribute.swift in Sources */,
				OBJ_106 /* CharacterExt.swift in Sources */,
				OBJ_107 /* CharacterReader.swift in Sources */,
				OBJ_108 /* Cleaner.swift in Sources */,
				OBJ_109 /* Collector.swift in Sources */,
				OBJ_110 /* CombiningEvaluator.swift in Sources */,
				OBJ_111 /* Comment.swift in Sources */,
				OBJ_112 /* Connection.swift in Sources */,
				OBJ_113 /* DataNode.swift in Sources */,
				OBJ_114 /* DataUtil.swift in Sources */,
				OBJ_115 /* Document.swift in Sources */,
				OBJ_116 /* DocumentType.swift in Sources */,
				OBJ_117 /* Element.swift in Sources */,
				OBJ_118 /* Elements.swift in Sources */,
				OBJ_119 /* Entities.swift in Sources */,
				OBJ_120 /* Evaluator.swift in Sources */,
				OBJ_121 /* Exception.swift in Sources */,
				OBJ_122 /* FormElement.swift in Sources */,
				OBJ_123 /* HtmlTreeBuilder.swift in Sources */,
				OBJ_124 /* HtmlTreeBuilderState.swift in Sources */,
				OBJ_125 /* HttpStatusException.swift in Sources */,
				OBJ_126 /* Node.swift in Sources */,
				OBJ_127 /* NodeTraversor.swift in Sources */,
				OBJ_128 /* NodeVisitor.swift in Sources */,
				OBJ_129 /* OrderedDictionary.swift in Sources */,
				OBJ_130 /* OrderedSet.swift in Sources */,
				OBJ_131 /* ParseError.swift in Sources */,
				OBJ_132 /* ParseErrorList.swift in Sources */,
				OBJ_133 /* Parser.swift in Sources */,
				OBJ_134 /* ParseSettings.swift in Sources */,
				OBJ_135 /* Pattern.swift in Sources */,
				OBJ_136 /* PlatformTypes.swift in Sources */,
				OBJ_137 /* QueryParser.swift in Sources */,
				OBJ_138 /* Selector.swift in Sources */,
				OBJ_139 /* SerializationException.swift in Sources */,
				OBJ_140 /* SimpleDictionary.swift in Sources */,
				OBJ_141 /* StreamReader.swift in Sources */,
				OBJ_142 /* String.swift in Sources */,
				OBJ_143 /* StringBuilder.swift in Sources */,
				OBJ_144 /* StringUtil.swift in Sources */,
				OBJ_145 /* StructuralEvaluator.swift in Sources */,
				OBJ_146 /* SwiftSoup.swift in Sources */,
				OBJ_147 /* Tag.swift in Sources */,
				OBJ_148 /* TextNode.swift in Sources */,
				OBJ_149 /* Token.swift in Sources */,
				OBJ_150 /* Tokeniser.swift in Sources */,
				OBJ_151 /* TokeniserState.swift in Sources */,
				OBJ_152 /* TokenQueue.swift in Sources */,
				OBJ_153 /* TreeBuilder.swift in Sources */,
				OBJ_154 /* UnicodeScalar.swift in Sources */,
				OBJ_155 /* Validate.swift in Sources */,
				OBJ_156 /* Whitelist.swift in Sources */,
				OBJ_157 /* XmlDeclaration.swift in Sources */,
				OBJ_158 /* XmlTreeBuilder.swift in Sources */,
			);
			runOnlyForDeploymentPostprocessing = 0;
		};
		OBJ_164 /* Sources */ = {
			isa = PBXSourcesBuildPhase;
			buildActionMask = 0;
			files = (
				OBJ_165 /* AttributeParseTest.swift in Sources */,
				OBJ_166 /* AttributesTest.swift in Sources */,
				OBJ_167 /* AttributeTest.swift in Sources */,
				OBJ_168 /* BuildEntities.swift in Sources */,
				OBJ_169 /* CharacterReaderTest.swift in Sources */,
				OBJ_170 /* CleanerTest.swift in Sources */,
				OBJ_171 /* CssTest.swift in Sources */,
				OBJ_172 /* DocumentTest.swift in Sources */,
				OBJ_173 /* DocumentTypeTest.swift in Sources */,
				OBJ_174 /* ElementsTest.swift in Sources */,
				OBJ_175 /* ElementTest.swift in Sources */,
				OBJ_176 /* EntitiesTest.swift in Sources */,
				OBJ_177 /* FormElementTest.swift in Sources */,
				OBJ_178 /* HtmlParserTest.swift in Sources */,
				OBJ_179 /* NodeTest.swift in Sources */,
				OBJ_180 /* ParseSettingsTest.swift in Sources */,
				OBJ_181 /* QueryParserTest.swift in Sources */,
				OBJ_182 /* SelectorTest.swift in Sources */,
				OBJ_183 /* StringUtilTest.swift in Sources */,
				OBJ_184 /* SwiftSoupTests.swift in Sources */,
				OBJ_185 /* TagTest.swift in Sources */,
				OBJ_186 /* TextNodeTest.swift in Sources */,
				OBJ_187 /* TextUtil.swift in Sources */,
				OBJ_188 /* TokenQueueTest.swift in Sources */,
				OBJ_189 /* XmlTreeBuilderTest.swift in Sources */,
			);
			runOnlyForDeploymentPostprocessing = 0;
		};
/* End PBXSourcesBuildPhase section */

/* Begin PBXTargetDependency section */
		OBJ_192 /* PBXTargetDependency */ = {
			isa = PBXTargetDependency;
			target = OBJ_97 /* SwiftSoup */;
			targetProxy = 236EB8761E7AE4E700DA15B8 /* PBXContainerItemProxy */;
		};
/* End PBXTargetDependency section */

/* Begin XCBuildConfiguration section */
		OBJ_100 /* Release */ = {
			isa = XCBuildConfiguration;
			buildSettings = {
				ENABLE_TESTABILITY = YES;
				FRAMEWORK_SEARCH_PATHS = (
					"$(inherited)",
					"$(PLATFORM_DIR)/Developer/Library/Frameworks",
				);
				HEADER_SEARCH_PATHS = "$(inherited)";
				INFOPLIST_FILE = SwiftSoup.xcodeproj/SwiftSoup_Info.plist;
				LD_RUNPATH_SEARCH_PATHS = "$(TOOLCHAIN_DIR)/usr/lib/swift/macosx";
				OTHER_LDFLAGS = "$(inherited)";
				OTHER_SWIFT_FLAGS = "$(inherited)";
				PRODUCT_BUNDLE_IDENTIFIER = SwiftSoup;
				PRODUCT_MODULE_NAME = "$(TARGET_NAME:c99extidentifier)";
				PRODUCT_NAME = "$(TARGET_NAME:c99extidentifier)";
				TARGET_NAME = SwiftSoup;
			};
			name = Release;
		};
		OBJ_162 /* Debug */ = {
			isa = XCBuildConfiguration;
			buildSettings = {
				EMBEDDED_CONTENT_CONTAINS_SWIFT = YES;
				FRAMEWORK_SEARCH_PATHS = (
					"$(inherited)",
					"$(PLATFORM_DIR)/Developer/Library/Frameworks",
				);
				HEADER_SEARCH_PATHS = "$(inherited)";
				INFOPLIST_FILE = SwiftSoup.xcodeproj/SwiftSoupTests_Info.plist;
				LD_RUNPATH_SEARCH_PATHS = "@loader_path/../Frameworks";
				OTHER_LDFLAGS = "$(inherited)";
				OTHER_SWIFT_FLAGS = "$(inherited)";
				TARGET_NAME = SwiftSoupTests;
			};
			name = Debug;
		};
		OBJ_163 /* Release */ = {
			isa = XCBuildConfiguration;
			buildSettings = {
				EMBEDDED_CONTENT_CONTAINS_SWIFT = YES;
				FRAMEWORK_SEARCH_PATHS = (
					"$(inherited)",
					"$(PLATFORM_DIR)/Developer/Library/Frameworks",
				);
				HEADER_SEARCH_PATHS = "$(inherited)";
				INFOPLIST_FILE = SwiftSoup.xcodeproj/SwiftSoupTests_Info.plist;
				LD_RUNPATH_SEARCH_PATHS = "@loader_path/../Frameworks";
				OTHER_LDFLAGS = "$(inherited)";
				OTHER_SWIFT_FLAGS = "$(inherited)";
				TARGET_NAME = SwiftSoupTests;
			};
			name = Release;
		};
		OBJ_3 /* Debug */ = {
			isa = XCBuildConfiguration;
			buildSettings = {
				COMBINE_HIDPI_IMAGES = YES;
				COPY_PHASE_STRIP = NO;
				DEBUG_INFORMATION_FORMAT = dwarf;
				DYLIB_INSTALL_NAME_BASE = "@rpath";
				ENABLE_NS_ASSERTIONS = YES;
				GCC_OPTIMIZATION_LEVEL = 0;
				MACOSX_DEPLOYMENT_TARGET = 10.10;
				ONLY_ACTIVE_ARCH = YES;
				OTHER_SWIFT_FLAGS = "-DXcode";
				PRODUCT_NAME = "$(TARGET_NAME)";
				SDKROOT = macosx;
				SUPPORTED_PLATFORMS = "macosx iphoneos iphonesimulator appletvos appletvsimulator watchos watchsimulator";
				SWIFT_ACTIVE_COMPILATION_CONDITIONS = SWIFT_PACKAGE;
				SWIFT_OPTIMIZATION_LEVEL = "-Onone";
				SWIFT_VERSION = 3.0;
				USE_HEADERMAP = NO;
			};
			name = Debug;
		};
		OBJ_4 /* Release */ = {
			isa = XCBuildConfiguration;
			buildSettings = {
				COMBINE_HIDPI_IMAGES = YES;
				COPY_PHASE_STRIP = YES;
				DEBUG_INFORMATION_FORMAT = "dwarf-with-dsym";
				DYLIB_INSTALL_NAME_BASE = "@rpath";
				GCC_OPTIMIZATION_LEVEL = s;
				MACOSX_DEPLOYMENT_TARGET = 10.10;
				OTHER_SWIFT_FLAGS = "-DXcode";
				PRODUCT_NAME = "$(TARGET_NAME)";
				SDKROOT = macosx;
				SUPPORTED_PLATFORMS = "macosx iphoneos iphonesimulator appletvos appletvsimulator watchos watchsimulator";
				SWIFT_ACTIVE_COMPILATION_CONDITIONS = SWIFT_PACKAGE;
				SWIFT_OPTIMIZATION_LEVEL = "-O";
				SWIFT_VERSION = 3.0;
				USE_HEADERMAP = NO;
			};
			name = Release;
		};
		OBJ_99 /* Debug */ = {
			isa = XCBuildConfiguration;
			buildSettings = {
				ENABLE_TESTABILITY = YES;
				FRAMEWORK_SEARCH_PATHS = (
					"$(inherited)",
					"$(PLATFORM_DIR)/Developer/Library/Frameworks",
				);
				HEADER_SEARCH_PATHS = "$(inherited)";
				INFOPLIST_FILE = SwiftSoup.xcodeproj/SwiftSoup_Info.plist;
				LD_RUNPATH_SEARCH_PATHS = "$(TOOLCHAIN_DIR)/usr/lib/swift/macosx";
				OTHER_LDFLAGS = "$(inherited)";
				OTHER_SWIFT_FLAGS = "$(inherited)";
				PRODUCT_BUNDLE_IDENTIFIER = SwiftSoup;
				PRODUCT_MODULE_NAME = "$(TARGET_NAME:c99extidentifier)";
				PRODUCT_NAME = "$(TARGET_NAME:c99extidentifier)";
				TARGET_NAME = SwiftSoup;
			};
			name = Debug;
		};
/* End XCBuildConfiguration section */

/* Begin XCConfigurationList section */
		OBJ_161 /* Build configuration list for PBXNativeTarget "SwiftSoupTests" */ = {
			isa = XCConfigurationList;
			buildConfigurations = (
				OBJ_162 /* Debug */,
				OBJ_163 /* Release */,
			);
			defaultConfigurationIsVisible = 0;
			defaultConfigurationName = Debug;
		};
		OBJ_2 /* Build configuration list for PBXProject "SwiftSoup" */ = {
			isa = XCConfigurationList;
			buildConfigurations = (
				OBJ_3 /* Debug */,
				OBJ_4 /* Release */,
			);
			defaultConfigurationIsVisible = 0;
			defaultConfigurationName = Debug;
		};
		OBJ_98 /* Build configuration list for PBXNativeTarget "SwiftSoup" */ = {
			isa = XCConfigurationList;
			buildConfigurations = (
				OBJ_99 /* Debug */,
				OBJ_100 /* Release */,
			);
			defaultConfigurationIsVisible = 0;
			defaultConfigurationName = Debug;
		};
/* End XCConfigurationList section */
	};
	rootObject = OBJ_1 /* Project object */;
}
